
Microsoft Visual Studio Solution File, Format Version 12.00
# Visual Studio Version 16
VisualStudioVersion = 16.0.29806.167
MinimumVisualStudioVersion = 10.0.40219.1
Project("{FAE04EC0-301F-11D3-BF4B-00C04F79EFBC}") = "PravinChopadeTest", "PravinChopadeTest\PravinChopadeTest.csproj", "{14F70FB4-B565-44BA-B4E8-B3136A412C13}"
EndProject
Global
	GlobalSection(SolutionConfigurationPlatforms) = preSolution
		Debug|Any CPU = Debug|Any CPU
		Release|Any CPU = Release|Any CPU
	EndGlobalSection
	GlobalSection(ProjectConfigurationPlatforms) = postSolution
		{14F70FB4-B565-44BA-B4E8-B3136A412C13}.Debug|Any CPU.ActiveCfg = Debug|Any CPU
		{14F70FB4-B565-44BA-B4E8-B3136A412C13}.Debug|Any CPU.Build.0 = Debug|Any CPU
		{14F70FB4-B565-44BA-B4E8-B3136A412C13}.Release|Any CPU.ActiveCfg = Release|Any CPU
		{14F70FB4-B565-44BA-B4E8-B3136A412C13}.Release|Any CPU.Build.0 = Release|Any CPU
	EndGlobalSection
	GlobalSection(SolutionProperties) = preSolution
		HideSolutionNode = FALSE
	EndGlobalSection
	GlobalSection(ExtensibilityGlobals) = postSolution
		SolutionGuid = {BA907C93-2CAA-4F30-83CB-EF51D437AF8C}
	EndGlobalSection
EndGlobal
